
Microsoft Visual Studio Solution File, Format Version 12.00
# Visual Studio 2012
Project("{FAE04EC0-301F-11D3-BF4B-00C04F79EFBC}") = "game_Caro", "game_Caro\game_Caro.csproj", "{424D0DB6-F6C8-4D1C-83F5-D2DBCC7EA1EF}"
EndProject
Global
	GlobalSection(SolutionConfigurationPlatforms) = preSolution
		Debug|Any CPU = Debug|Any CPU
		Release|Any CPU = Release|Any CPU
	EndGlobalSection
	GlobalSection(ProjectConfigurationPlatforms) = postSolution
		{424D0DB6-F6C8-4D1C-83F5-D2DBCC7EA1EF}.Debug|Any CPU.ActiveCfg = Debug|Any CPU
		{424D0DB6-F6C8-4D1C-83F5-D2DBCC7EA1EF}.Debug|Any CPU.Build.0 = Debug|Any CPU
		{424D0DB6-F6C8-4D1C-83F5-D2DBCC7EA1EF}.Release|Any CPU.ActiveCfg = Release|Any CPU
		{424D0DB6-F6C8-4D1C-83F5-D2DBCC7EA1EF}.Release|Any CPU.Build.0 = Release|Any CPU
	EndGlobalSection
	GlobalSection(SolutionProperties) = preSolution
		HideSolutionNode = FALSE
	EndGlobalSection
EndGlobal
